
Microsoft Visual Studio Solution File, Format Version 12.00
# Visual Studio Version 17
VisualStudioVersion = 17.4.33213.308
MinimumVisualStudioVersion = 10.0.40219.1
Project("{FAE04EC0-301F-11D3-BF4B-00C04F79EFBC}") = "UygulamaAlanı1", "UygulamaAlanı1\UygulamaAlanı1.csproj", "{8E30678A-7311-440C-A818-AB3AC7494378}"
EndProject
Project("{FAE04EC0-301F-11D3-BF4B-00C04F79EFBC}") = "UygulamaAlanı2", "UygulamaAlanı2\UygulamaAlanı2.csproj", "{55A5B1D5-A125-43FF-82E5-C6133B3B4530}"
EndProject
Global
	GlobalSection(SolutionConfigurationPlatforms) = preSolution
		Debug|Any CPU = Debug|Any CPU
		Release|Any CPU = Release|Any CPU
	EndGlobalSection
	GlobalSection(ProjectConfigurationPlatforms) = postSolution
		{8E30678A-7311-440C-A818-AB3AC7494378}.Debug|Any CPU.ActiveCfg = Debug|Any CPU
		{8E30678A-7311-440C-A818-AB3AC7494378}.Debug|Any CPU.Build.0 = Debug|Any CPU
		{8E30678A-7311-440C-A818-AB3AC7494378}.Release|Any CPU.ActiveCfg = Release|Any CPU
		{8E30678A-7311-440C-A818-AB3AC7494378}.Release|Any CPU.Build.0 = Release|Any CPU
		{55A5B1D5-A125-43FF-82E5-C6133B3B4530}.Debug|Any CPU.ActiveCfg = Debug|Any CPU
		{55A5B1D5-A125-43FF-82E5-C6133B3B4530}.Debug|Any CPU.Build.0 = Debug|Any CPU
		{55A5B1D5-A125-43FF-82E5-C6133B3B4530}.Release|Any CPU.ActiveCfg = Release|Any CPU
		{55A5B1D5-A125-43FF-82E5-C6133B3B4530}.Release|Any CPU.Build.0 = Release|Any CPU
	EndGlobalSection
	GlobalSection(SolutionProperties) = preSolution
		HideSolutionNode = FALSE
	EndGlobalSection
	GlobalSection(ExtensibilityGlobals) = postSolution
		SolutionGuid = {222B1E69-DF62-47A6-8329-E8C962061F36}
	EndGlobalSection
EndGlobal
